
Microsoft Visual Studio Solution File, Format Version 12.00
# Visual Studio Version 16
VisualStudioVersion = 16.0.31410.357
MinimumVisualStudioVersion = 10.0.40219.1
Project("{2150E333-8FDC-42A3-9474-1A3956D46DE8}") = "03. Decorotor Pattern", "03. Decorotor Pattern", "{234750DF-FBBF-45EB-B361-7D829BDF5BA8}"
EndProject
Project("{2150E333-8FDC-42A3-9474-1A3956D46DE8}") = "01. Functional Requirements", "01. Functional Requirements", "{3C384BFD-8C14-498B-BE55-ACCBAABFF660}"
EndProject
Project("{2150E333-8FDC-42A3-9474-1A3956D46DE8}") = "00. Wiring Autofac up", "00. Wiring Autofac up", "{B5DCEB4A-955B-4E21-80F6-C0E9D134FDB6}"
EndProject
Project("{9A19103F-16F7-4668-BE54-9A1E7A4F7556}") = "AutofacConfiguration", "BasicProject\AutofacConfiguration.csproj", "{35A7A2B8-B5BA-43C5-9089-AD3EF37B16EF}"
EndProject
Project("{9A19103F-16F7-4668-BE54-9A1E7A4F7556}") = "FunctionalRequirementsDemo", "FunctionalRequirementsDemo\FunctionalRequirementsDemo.csproj", "{C167F84E-B38D-49FE-AAFB-1FC36211D352}"
EndProject
Project("{2150E333-8FDC-42A3-9474-1A3956D46DE8}") = "02. Functional and Non functional requirements", "02. Functional and Non functional requirements", "{CC883E4C-FB35-4671-AC70-D93FEC56DA7B}"
EndProject
Project("{9A19103F-16F7-4668-BE54-9A1E7A4F7556}") = "LoggingCccDemo", "LoggingCccDemo\LoggingCccDemo.csproj", "{F699818F-51A0-455F-A182-2E308275D9B1}"
EndProject
Project("{9A19103F-16F7-4668-BE54-9A1E7A4F7556}") = "LoggingExceptionHandlingCccDemo", "LoggingExceptionHandlingCccDemo\LoggingExceptionHandlingCccDemo.csproj", "{F4E22014-125F-46A4-BC84-E1FE2E644538}"
EndProject
Project("{9A19103F-16F7-4668-BE54-9A1E7A4F7556}") = "LoggingExceptionHandlingTransactioningCccDemo", "LoggingExceptionHandlingTransactioningCccDemo\LoggingExceptionHandlingTransactioningCccDemo.csproj", "{9717AF19-F1A4-4F82-B8C8-9A2E198BB445}"
EndProject
Project("{2150E333-8FDC-42A3-9474-1A3956D46DE8}") = "04. Interception", "04. Interception", "{1C9CCC29-8B6D-4473-AA02-1FDF18926F6C}"
EndProject
Project("{9A19103F-16F7-4668-BE54-9A1E7A4F7556}") = "DecoratorPatternDemo", "DecoratorPatternDemo\DecoratorPatternDemo.csproj", "{5706C804-3415-4469-923F-633BC6A64A32}"
EndProject
Project("{9A19103F-16F7-4668-BE54-9A1E7A4F7556}") = "DynamicDecoratorsDemo", "DynamicDecoratorsDemo\DynamicDecoratorsDemo.csproj", "{34C7887C-02FA-4889-8F28-93747464632C}"
EndProject
Project("{9A19103F-16F7-4668-BE54-9A1E7A4F7556}") = "ProxyGenerationDemo", "ProxyGenerationHooksDemo\ProxyGenerationDemo.csproj", "{471F9CDB-2A49-422B-8CF2-80ED027031EF}"
EndProject
Project("{2150E333-8FDC-42A3-9474-1A3956D46DE8}") = "05. Asynchronous Methods Interception", "05. Asynchronous Methods Interception", "{66DE8A72-3E54-4882-96DF-4E1B8C6FC9D1}"
EndProject
Project("{9A19103F-16F7-4668-BE54-9A1E7A4F7556}") = "AsyncMethodsInterceptionDemo", "AsyncMethodsInterceptionDemo\AsyncMethodsInterceptionDemo.csproj", "{3A8A8499-77E1-459A-84FE-234E34E1CFC3}"
EndProject
Project("{9A19103F-16F7-4668-BE54-9A1E7A4F7556}") = "Autofac.AsyncExtras.DynamicProxy", "Autofac.AsyncExtras.DynamicProxy\Autofac.AsyncExtras.DynamicProxy.csproj", "{E50FE11A-A41B-4AA7-8E2B-FCB69EFE2376}"
EndProject
Global
	GlobalSection(SolutionConfigurationPlatforms) = preSolution
		Debug|Any CPU = Debug|Any CPU
		Release|Any CPU = Release|Any CPU
	EndGlobalSection
	GlobalSection(ProjectConfigurationPlatforms) = postSolution
		{35A7A2B8-B5BA-43C5-9089-AD3EF37B16EF}.Debug|Any CPU.ActiveCfg = Debug|Any CPU
		{35A7A2B8-B5BA-43C5-9089-AD3EF37B16EF}.Debug|Any CPU.Build.0 = Debug|Any CPU
		{35A7A2B8-B5BA-43C5-9089-AD3EF37B16EF}.Release|Any CPU.ActiveCfg = Release|Any CPU
		{35A7A2B8-B5BA-43C5-9089-AD3EF37B16EF}.Release|Any CPU.Build.0 = Release|Any CPU
		{C167F84E-B38D-49FE-AAFB-1FC36211D352}.Debug|Any CPU.ActiveCfg = Debug|Any CPU
		{C167F84E-B38D-49FE-AAFB-1FC36211D352}.Debug|Any CPU.Build.0 = Debug|Any CPU
		{C167F84E-B38D-49FE-AAFB-1FC36211D352}.Release|Any CPU.ActiveCfg = Release|Any CPU
		{C167F84E-B38D-49FE-AAFB-1FC36211D352}.Release|Any CPU.Build.0 = Release|Any CPU
		{F699818F-51A0-455F-A182-2E308275D9B1}.Debug|Any CPU.ActiveCfg = Debug|Any CPU
		{F699818F-51A0-455F-A182-2E308275D9B1}.Debug|Any CPU.Build.0 = Debug|Any CPU
		{F699818F-51A0-455F-A182-2E308275D9B1}.Release|Any CPU.ActiveCfg = Release|Any CPU
		{F699818F-51A0-455F-A182-2E308275D9B1}.Release|Any CPU.Build.0 = Release|Any CPU
		{F4E22014-125F-46A4-BC84-E1FE2E644538}.Debug|Any CPU.ActiveCfg = Debug|Any CPU
		{F4E22014-125F-46A4-BC84-E1FE2E644538}.Debug|Any CPU.Build.0 = Debug|Any CPU
		{F4E22014-125F-46A4-BC84-E1FE2E644538}.Release|Any CPU.ActiveCfg = Release|Any CPU
		{F4E22014-125F-46A4-BC84-E1FE2E644538}.Release|Any CPU.Build.0 = Release|Any CPU
		{9717AF19-F1A4-4F82-B8C8-9A2E198BB445}.Debug|Any CPU.ActiveCfg = Debug|Any CPU
		{9717AF19-F1A4-4F82-B8C8-9A2E198BB445}.Debug|Any CPU.Build.0 = Debug|Any CPU
		{9717AF19-F1A4-4F82-B8C8-9A2E198BB445}.Release|Any CPU.ActiveCfg = Release|Any CPU
		{9717AF19-F1A4-4F82-B8C8-9A2E198BB445}.Release|Any CPU.Build.0 = Release|Any CPU
		{5706C804-3415-4469-923F-633BC6A64A32}.Debug|Any CPU.ActiveCfg = Debug|Any CPU
		{5706C804-3415-4469-923F-633BC6A64A32}.Debug|Any CPU.Build.0 = Debug|Any CPU
		{5706C804-3415-4469-923F-633BC6A64A32}.Release|Any CPU.ActiveCfg = Release|Any CPU
		{5706C804-3415-4469-923F-633BC6A64A32}.Release|Any CPU.Build.0 = Release|Any CPU
		{34C7887C-02FA-4889-8F28-93747464632C}.Debug|Any CPU.ActiveCfg = Debug|Any CPU
		{34C7887C-02FA-4889-8F28-93747464632C}.Debug|Any CPU.Build.0 = Debug|Any CPU
		{34C7887C-02FA-4889-8F28-93747464632C}.Release|Any CPU.ActiveCfg = Release|Any CPU
		{34C7887C-02FA-4889-8F28-93747464632C}.Release|Any CPU.Build.0 = Release|Any CPU
		{471F9CDB-2A49-422B-8CF2-80ED027031EF}.Debug|Any CPU.ActiveCfg = Debug|Any CPU
		{471F9CDB-2A49-422B-8CF2-80ED027031EF}.Debug|Any CPU.Build.0 = Debug|Any CPU
		{471F9CDB-2A49-422B-8CF2-80ED027031EF}.Release|Any CPU.ActiveCfg = Release|Any CPU
		{471F9CDB-2A49-422B-8CF2-80ED027031EF}.Release|Any CPU.Build.0 = Release|Any CPU
		{3A8A8499-77E1-459A-84FE-234E34E1CFC3}.Debug|Any CPU.ActiveCfg = Debug|Any CPU
		{3A8A8499-77E1-459A-84FE-234E34E1CFC3}.Debug|Any CPU.Build.0 = Debug|Any CPU
		{3A8A8499-77E1-459A-84FE-234E34E1CFC3}.Release|Any CPU.ActiveCfg = Release|Any CPU
		{3A8A8499-77E1-459A-84FE-234E34E1CFC3}.Release|Any CPU.Build.0 = Release|Any CPU
		{E50FE11A-A41B-4AA7-8E2B-FCB69EFE2376}.Debug|Any CPU.ActiveCfg = Debug|Any CPU
		{E50FE11A-A41B-4AA7-8E2B-FCB69EFE2376}.Debug|Any CPU.Build.0 = Debug|Any CPU
		{E50FE11A-A41B-4AA7-8E2B-FCB69EFE2376}.Release|Any CPU.ActiveCfg = Release|Any CPU
		{E50FE11A-A41B-4AA7-8E2B-FCB69EFE2376}.Release|Any CPU.Build.0 = Release|Any CPU
	EndGlobalSection
	GlobalSection(SolutionProperties) = preSolution
		HideSolutionNode = FALSE
	EndGlobalSection
	GlobalSection(NestedProjects) = preSolution
		{35A7A2B8-B5BA-43C5-9089-AD3EF37B16EF} = {B5DCEB4A-955B-4E21-80F6-C0E9D134FDB6}
		{C167F84E-B38D-49FE-AAFB-1FC36211D352} = {3C384BFD-8C14-498B-BE55-ACCBAABFF660}
		{F699818F-51A0-455F-A182-2E308275D9B1} = {CC883E4C-FB35-4671-AC70-D93FEC56DA7B}
		{F4E22014-125F-46A4-BC84-E1FE2E644538} = {CC883E4C-FB35-4671-AC70-D93FEC56DA7B}
		{9717AF19-F1A4-4F82-B8C8-9A2E198BB445} = {CC883E4C-FB35-4671-AC70-D93FEC56DA7B}
		{5706C804-3415-4469-923F-633BC6A64A32} = {234750DF-FBBF-45EB-B361-7D829BDF5BA8}
		{34C7887C-02FA-4889-8F28-93747464632C} = {1C9CCC29-8B6D-4473-AA02-1FDF18926F6C}
		{471F9CDB-2A49-422B-8CF2-80ED027031EF} = {1C9CCC29-8B6D-4473-AA02-1FDF18926F6C}
		{3A8A8499-77E1-459A-84FE-234E34E1CFC3} = {66DE8A72-3E54-4882-96DF-4E1B8C6FC9D1}
		{E50FE11A-A41B-4AA7-8E2B-FCB69EFE2376} = {66DE8A72-3E54-4882-96DF-4E1B8C6FC9D1}
	EndGlobalSection
	GlobalSection(ExtensibilityGlobals) = postSolution
		SolutionGuid = {A353BE29-1333-4F35-B3A4-75C06BC6DBA1}
	EndGlobalSection
EndGlobal
